// !$*UTF8*$!
{
	archiveVersion = 1;
	classes = {
	};
	objectVersion = 55;
	objects = {

/* Begin PBXBuildFile section */
		805EDF902735FDEF006F9A7E /* AppDelegate.swift in Sources */ = {isa = PBXBuildFile; fileRef = 805EDF8F2735FDEF006F9A7E /* AppDelegate.swift */; };
		805EDF922735FDEF006F9A7E /* SceneDelegate.swift in Sources */ = {isa = PBXBuildFile; fileRef = 805EDF912735FDEF006F9A7E /* SceneDelegate.swift */; };
		805EDF942735FDEF006F9A7E /* ViewController.swift in Sources */ = {isa = PBXBuildFile; fileRef = 805EDF932735FDEF006F9A7E /* ViewController.swift */; };
		805EDF972735FDEF006F9A7E /* Main.storyboard in Resources */ = {isa = PBXBuildFile; fileRef = 805EDF952735FDEF006F9A7E /* Main.storyboard */; };
		805EDF9A2735FDEF006F9A7E /* OmikujiApp.xcdatamodeld in Sources */ = {isa = PBXBuildFile; fileRef = 805EDF982735FDEF006F9A7E /* OmikujiApp.xcdatamodeld */; };
		805EDF9C2735FDF0006F9A7E /* Assets.xcassets in Resources */ = {isa = PBXBuildFile; fileRef = 805EDF9B2735FDF0006F9A7E /* Assets.xcassets */; };
		805EDF9F2735FDF0006F9A7E /* LaunchScreen.storyboard in Resources */ = {isa = PBXBuildFile; fileRef = 805EDF9D2735FDF0006F9A7E /* LaunchScreen.storyboard */; };
		805EDFAA2735FDF0006F9A7E /* OmikujiAppTests.swift in Sources */ = {isa = PBXBuildFile; fileRef = 805EDFA92735FDF0006F9A7E /* OmikujiAppTests.swift */; };
		805EDFB42735FDF0006F9A7E /* OmikujiAppUITests.swift in Sources */ = {isa = PBXBuildFile; fileRef = 805EDFB32735FDF0006F9A7E /* OmikujiAppUITests.swift */; };
		805EDFB62735FDF0006F9A7E /* OmikujiAppUITestsLaunchTests.swift in Sources */ = {isa = PBXBuildFile; fileRef = 805EDFB52735FDF0006F9A7E /* OmikujiAppUITestsLaunchTests.swift */; };
/* End PBXBuildFile section */

/* Begin PBXContainerItemProxy section */
		805EDFA62735FDF0006F9A7E /* PBXContainerItemProxy */ = {
			isa = PBXContainerItemProxy;
			containerPortal = 805EDF842735FDEF006F9A7E /* Project object */;
			proxyType = 1;
			remoteGlobalIDString = 805EDF8B2735FDEF006F9A7E;
			remoteInfo = OmikujiApp;
		};
		805EDFB02735FDF0006F9A7E /* PBXContainerItemProxy */ = {
			isa = PBXContainerItemProxy;
			containerPortal = 805EDF842735FDEF006F9A7E /* Project object */;
			proxyType = 1;
			remoteGlobalIDString = 805EDF8B2735FDEF006F9A7E;
			remoteInfo = OmikujiApp;
		};
/* End PBXContainerItemProxy section */

/* Begin PBXFileReference section */
		805EDF8C2735FDEF006F9A7E /* OmikujiApp.app */ = {isa = PBXFileReference; explicitFileType = wrapper.application; includeInIndex = 0; path = OmikujiApp.app; sourceTree = BUILT_PRODUCTS_DIR; };
		805EDF8F2735FDEF006F9A7E /* AppDelegate.swift */ = {isa = PBXFileReference; lastKnownFileType = sourcecode.swift; path = AppDelegate.swift; sourceTree = "<group>"; };
		805EDF912735FDEF006F9A7E /* SceneDelegate.swift */ = {isa = PBXFileReference; lastKnownFileType = sourcecode.swift; path = SceneDelegate.swift; sourceTree = "<group>"; };
		805EDF932735FDEF006F9A7E /* ViewController.swift */ = {isa = PBXFileReference; lastKnownFileType = sourcecode.swift; path = ViewController.swift; sourceTree = "<group>"; };
		805EDF962735FDEF006F9A7E /* Base */ = {isa = PBXFileReference; lastKnownFileType = file.storyboard; name = Base; path = Base.lproj/Main.storyboard; sourceTree = "<group>"; };
		805EDF992735FDEF006F9A7E /* OmikujiApp.xcdatamodel */ = {isa = PBXFileReference; lastKnownFileType = wrapper.xcdatamodel; path = OmikujiApp.xcdatamodel; sourceTree = "<group>"; };
		805EDF9B2735FDF0006F9A7E /* Assets.xcassets */ = {isa = PBXFileReference; lastKnownFileType = folder.assetcatalog; path = Assets.xcassets; sourceTree = "<group>"; };
		805EDF9E2735FDF0006F9A7E /* Base */ = {isa = PBXFileReference; lastKnownFileType = file.storyboard; name = Base; path = Base.lproj/LaunchScreen.storyboard; sourceTree = "<group>"; };
		805EDFA02735FDF0006F9A7E /* Info.plist */ = {isa = PBXFileReference; lastKnownFileType = text.plist.xml; path = Info.plist; sourceTree = "<group>"; };
		805EDFA52735FDF0006F9A7E /* OmikujiAppTests.xctest */ = {isa = PBXFileReference; explicitFileType = wrapper.cfbundle; includeInIndex = 0; path = OmikujiAppTests.xctest; sourceTree = BUILT_PRODUCTS_DIR; };
		805EDFA92735FDF0006F9A7E /* OmikujiAppTests.swift */ = {isa = PBXFileReference; lastKnownFileType = sourcecode.swift; path = OmikujiAppTests.swift; sourceTree = "<group>"; };
		805EDFAF2735FDF0006F9A7E /* OmikujiAppUITests.xctest */ = {isa = PBXFileReference; explicitFileType = wrapper.cfbundle; includeInIndex = 0; path = OmikujiAppUITests.xctest; sourceTree = BUILT_PRODUCTS_DIR; };
		805EDFB32735FDF0006F9A7E /* OmikujiAppUITests.swift */ = {isa = PBXFileReference; lastKnownFileType = sourcecode.swift; path = OmikujiAppUITests.swift; sourceTree = "<group>"; };
		805EDFB52735FDF0006F9A7E /* OmikujiAppUITestsLaunchTests.swift */ = {isa = PBXFileReference; lastKnownFileType = sourcecode.swift; path = OmikujiAppUITestsLaunchTests.swift; sourceTree = "<group>"; };
/* End PBXFileReference section */

/* Begin PBXFrameworksBuildPhase section */
		805EDF892735FDEF006F9A7E /* Frameworks */ = {
			isa = PBXFrameworksBuildPhase;
			buildActionMask = 2147483647;
			files = (
			);
			runOnlyForDeploymentPostprocessing = 0;
		};
		805EDFA22735FDF0006F9A7E /* Frameworks */ = {
			isa = PBXFrameworksBuildPhase;
			buildActionMask = 2147483647;
			files = (
			);
			runOnlyForDeploymentPostprocessing = 0;
		};
		805EDFAC2735FDF0006F9A7E /* Frameworks */ = {
			isa = PBXFrameworksBuildPhase;
			buildActionMask = 2147483647;
			files = (
			);
			runOnlyForDeploymentPostprocessing = 0;
		};
/* End PBXFrameworksBuildPhase section */

/* Begin PBXGroup section */
		805EDF832735FDEF006F9A7E = {
			isa = PBXGroup;
			children = (
				805EDF8E2735FDEF006F9A7E /* OmikujiApp */,
				805EDFA82735FDF0006F9A7E /* OmikujiAppTests */,
				805EDFB22735FDF0006F9A7E /* OmikujiAppUITests */,
				805EDF8D2735FDEF006F9A7E /* Products */,
			);
			sourceTree = "<group>";
		};
		805EDF8D2735FDEF006F9A7E /* Products */ = {
			isa = PBXGroup;
			children = (
				805EDF8C2735FDEF006F9A7E /* OmikujiApp.app */,
				805EDFA52735FDF0006F9A7E /* OmikujiAppTests.xctest */,
				805EDFAF2735FDF0006F9A7E /* OmikujiAppUITests.xctest */,
			);
			name = Products;
			sourceTree = "<group>";
		};
		805EDF8E2735FDEF006F9A7E /* OmikujiApp */ = {
			isa = PBXGroup;
			children = (
				805EDF8F2735FDEF006F9A7E /* AppDelegate.swift */,
				805EDF912735FDEF006F9A7E /* SceneDelegate.swift */,
				805EDF932735FDEF006F9A7E /* ViewController.swift */,
				805EDF952735FDEF006F9A7E /* Main.storyboard */,
				805EDF9B2735FDF0006F9A7E /* Assets.xcassets */,
				805EDF9D2735FDF0006F9A7E /* LaunchScreen.storyboard */,
				805EDFA02735FDF0006F9A7E /* Info.plist */,
				805EDF982735FDEF006F9A7E /* OmikujiApp.xcdatamodeld */,
			);
			path = OmikujiApp;
			sourceTree = "<group>";
		};
		805EDFA82735FDF0006F9A7E /* OmikujiAppTests */ = {
			isa = PBXGroup;
			children = (
				805EDFA92735FDF0006F9A7E /* OmikujiAppTests.swift */,
			);
			path = OmikujiAppTests;
			sourceTree = "<group>";
		};
		805EDFB22735FDF0006F9A7E /* OmikujiAppUITests */ = {
			isa = PBXGroup;
			children = (
				805EDFB32735FDF0006F9A7E /* OmikujiAppUITests.swift */,
				805EDFB52735FDF0006F9A7E /* OmikujiAppUITestsLaunchTests.swift */,
			);
			path = OmikujiAppUITests;
			sourceTree = "<group>";
		};
/* End PBXGroup section */

/* Begin PBXNativeTarget section */
		805EDF8B2735FDEF006F9A7E /* OmikujiApp */ = {
			isa = PBXNativeTarget;
			buildConfigurationList = 805EDFB92735FDF0006F9A7E /* Build configuration list for PBXNativeTarget "OmikujiApp" */;
			buildPhases = (
				805EDF882735FDEF006F9A7E /* Sources */,
				805EDF892735FDEF006F9A7E /* Frameworks */,
				805EDF8A2735FDEF006F9A7E /* Resources */,
			);
			buildRules = (
			);
			dependencies = (
			);
			name = OmikujiApp;
			productName = OmikujiApp;
			productReference = 805EDF8C2735FDEF006F9A7E /* OmikujiApp.app */;
			productType = "com.apple.product-type.application";
		};
		805EDFA42735FDF0006F9A7E /* OmikujiAppTests */ = {
			isa = PBXNativeTarget;
			buildConfigurationList = 805EDFBC2735FDF0006F9A7E /* Build configuration list for PBXNativeTarget "OmikujiAppTests" */;
			buildPhases = (
				805EDFA12735FDF0006F9A7E /* Sources */,
				805EDFA22735FDF0006F9A7E /* Frameworks */,
				805EDFA32735FDF0006F9A7E /* Resources */,
			);
			buildRules = (
			);
			dependencies = (
				805EDFA72735FDF0006F9A7E /* PBXTargetDependency */,
			);
			name = OmikujiAppTests;
			productName = OmikujiAppTests;
			productReference = 805EDFA52735FDF0006F9A7E /* OmikujiAppTests.xctest */;
			productType = "com.apple.product-type.bundle.unit-test";
		};
		805EDFAE2735FDF0006F9A7E /* OmikujiAppUITests */ = {
			isa = PBXNativeTarget;
			buildConfigurationList = 805EDFBF2735FDF0006F9A7E /* Build configuration list for PBXNativeTarget "OmikujiAppUITests" */;
			buildPhases = (
				805EDFAB2735FDF0006F9A7E /* Sources */,
				805EDFAC2735FDF0006F9A7E /* Frameworks */,
				805EDFAD2735FDF0006F9A7E /* Resources */,
			);
			buildRules = (
			);
			dependencies = (
				805EDFB12735FDF0006F9A7E /* PBXTargetDependency */,
			);
			name = OmikujiAppUITests;
			productName = OmikujiAppUITests;
			productReference = 805EDFAF2735FDF0006F9A7E /* OmikujiAppUITests.xctest */;
			productType = "com.apple.product-type.bundle.ui-testing";
		};
/* End PBXNativeTarget section */

/* Begin PBXProject section */
		805EDF842735FDEF006F9A7E /* Project object */ = {
			isa = PBXProject;
			attributes = {
				BuildIndependentTargetsInParallel = 1;
				LastSwiftUpdateCheck = 1310;
				LastUpgradeCheck = 1310;
				TargetAttributes = {
					805EDF8B2735FDEF006F9A7E = {
						CreatedOnToolsVersion = 13.1;
					};
					805EDFA42735FDF0006F9A7E = {
						CreatedOnToolsVersion = 13.1;
						TestTargetID = 805EDF8B2735FDEF006F9A7E;
					};
					805EDFAE2735FDF0006F9A7E = {
						CreatedOnToolsVersion = 13.1;
						TestTargetID = 805EDF8B2735FDEF006F9A7E;
					};
				};
			};
			buildConfigurationList = 805EDF872735FDEF006F9A7E /* Build configuration list for PBXProject "OmikujiApp" */;
			compatibilityVersion = "Xcode 13.0";
			developmentRegion = en;
			hasScannedForEncodings = 0;
			knownRegions = (
				en,
				Base,
			);
			mainGroup = 805EDF832735FDEF006F9A7E;
			productRefGroup = 805EDF8D2735FDEF006F9A7E /* Products */;
			projectDirPath = "";
			projectRoot = "";
			targets = (
				805EDF8B2735FDEF006F9A7E /* OmikujiApp */,
				805EDFA42735FDF0006F9A7E /* OmikujiAppTests */,
				805EDFAE2735FDF0006F9A7E /* OmikujiAppUITests */,
			);
		};
/* End PBXProject section */

/* Begin PBXResourcesBuildPhase section */
		805EDF8A2735FDEF006F9A7E /* Resources */ = {
			isa = PBXResourcesBuildPhase;
			buildActionMask = 2147483647;
			files = (
				805EDF9F2735FDF0006F9A7E /* LaunchScreen.storyboard in Resources */,
				805EDF9C2735FDF0006F9A7E /* Assets.xcassets in Resources */,
				805EDF972735FDEF006F9A7E /* Main.storyboard in Resources */,
			);
			runOnlyForDeploymentPostprocessing = 0;
		};
		805EDFA32735FDF0006F9A7E /* Resources */ = {
			isa = PBXResourcesBuildPhase;
			buildActionMask = 2147483647;
			files = (
			);
			runOnlyForDeploymentPostprocessing = 0;
		};
		805EDFAD2735FDF0006F9A7E /* Resources */ = {
			isa = PBXResourcesBuildPhase;
			buildActionMask = 2147483647;
			files = (
			);
			runOnlyForDeploymentPostprocessing = 0;
		};
/* End PBXResourcesBuildPhase section */

/* Begin PBXSourcesBuildPhase section */
		805EDF882735FDEF006F9A7E /* Sources */ = {
			isa = PBXSourcesBuildPhase;
			buildActionMask = 2147483647;
			files = (
				805EDF9A2735FDEF006F9A7E /* OmikujiApp.xcdatamodeld in Sources */,
				805EDF942735FDEF006F9A7E /* ViewController.swift in Sources */,
				805EDF902735FDEF006F9A7E /* AppDelegate.swift in Sources */,
				805EDF922735FDEF006F9A7E /* SceneDelegate.swift in Sources */,
			);
			runOnlyForDeploymentPostprocessing = 0;
		};
		805EDFA12735FDF0006F9A7E /* Sources */ = {
			isa = PBXSourcesBuildPhase;
			buildActionMask = 2147483647;
			files = (
				805EDFAA2735FDF0006F9A7E /* OmikujiAppTests.swift in Sources */,
			);
			runOnlyForDeploymentPostprocessing = 0;
		};
		805EDFAB2735FDF0006F9A7E /* Sources */ = {
			isa = PBXSourcesBuildPhase;
			buildActionMask = 2147483647;
			files = (
				805EDFB42735FDF0006F9A7E /* OmikujiAppUITests.swift in Sources */,
				805EDFB62735FDF0006F9A7E /* OmikujiAppUITestsLaunchTests.swift in Sources */,
			);
			runOnlyForDeploymentPostprocessing = 0;
		};
/* End PBXSourcesBuildPhase section */

/* Begin PBXTargetDependency section */
		805EDFA72735FDF0006F9A7E /* PBXTargetDependency */ = {
			isa = PBXTargetDependency;
			target = 805EDF8B2735FDEF006F9A7E /* OmikujiApp */;
			targetProxy = 805EDFA62735FDF0006F9A7E /* PBXContainerItemProxy */;
		};
		805EDFB12735FDF0006F9A7E /* PBXTargetDependency */ = {
			isa = PBXTargetDependency;
			target = 805EDF8B2735FDEF006F9A7E /* OmikujiApp */;
			targetProxy = 805EDFB02735FDF0006F9A7E /* PBXContainerItemProxy */;
		};
/* End PBXTargetDependency section */

/* Begin PBXVariantGroup section */
		805EDF952735FDEF006F9A7E /* Main.storyboard */ = {
			isa = PBXVariantGroup;
			children = (
				805EDF962735FDEF006F9A7E /* Base */,
			);
			name = Main.storyboard;
			sourceTree = "<group>";
		};
		805EDF9D2735FDF0006F9A7E /* LaunchScreen.storyboard */ = {
			isa = PBXVariantGroup;
			children = (
				805EDF9E2735FDF0006F9A7E /* Base */,
			);
			name = LaunchScreen.storyboard;
			sourceTree = "<group>";
		};
/* End PBXVariantGroup section */

/* Begin XCBuildConfiguration section */
		805EDFB72735FDF0006F9A7E /* Debug */ = {
			isa = XCBuildConfiguration;
			buildSettings = {
				ALWAYS_SEARCH_USER_PATHS = NO;
				CLANG_ANALYZER_NONNULL = YES;
				CLANG_ANALYZER_NUMBER_OBJECT_CONVERSION = YES_AGGRESSIVE;
				CLANG_CXX_LANGUAGE_STANDARD = "gnu++17";
				CLANG_CXX_LIBRARY = "libc++";
				CLANG_ENABLE_MODULES = YES;
				CLANG_ENABLE_OBJC_ARC = YES;
				CLANG_ENABLE_OBJC_WEAK = YES;
				CLANG_WARN_BLOCK_CAPTURE_AUTORELEASING = YES;
				CLANG_WARN_BOOL_CONVERSION = YES;
				CLANG_WARN_COMMA = YES;
				CLANG_WARN_CONSTANT_CONVERSION = YES;
				CLANG_WARN_DEPRECATED_OBJC_IMPLEMENTATIONS = YES;
				CLANG_WARN_DIRECT_OBJC_ISA_USAGE = YES_ERROR;
				CLANG_WARN_DOCUMENTATION_COMMENTS = YES;
				CLANG_WARN_EMPTY_BODY = YES;
				CLANG_WARN_ENUM_CONVERSION = YES;
				CLANG_WARN_INFINITE_RECURSION = YES;
				CLANG_WARN_INT_CONVERSION = YES;
				CLANG_WARN_NON_LITERAL_NULL_CONVERSION = YES;
				CLANG_WARN_OBJC_IMPLICIT_RETAIN_SELF = YES;
				CLANG_WARN_OBJC_LITERAL_CONVERSION = YES;
				CLANG_WARN_OBJC_ROOT_CLASS = YES_ERROR;
				CLANG_WARN_QUOTED_INCLUDE_IN_FRAMEWORK_HEADER = YES;
				CLANG_WARN_RANGE_LOOP_ANALYSIS = YES;
				CLANG_WARN_STRICT_PROTOTYPES = YES;
				CLANG_WARN_SUSPICIOUS_MOVE = YES;
				CLANG_WARN_UNGUARDED_AVAILABILITY = YES_AGGRESSIVE;
				CLANG_WARN_UNREACHABLE_CODE = YES;
				CLANG_WARN__DUPLICATE_METHOD_MATCH = YES;
				COPY_PHASE_STRIP = NO;
				DEBUG_INFORMATION_FORMAT = dwarf;
				ENABLE_STRICT_OBJC_MSGSEND = YES;
				ENABLE_TESTABILITY = YES;
				GCC_C_LANGUAGE_STANDARD = gnu11;
				GCC_DYNAMIC_NO_PIC = NO;
				GCC_NO_COMMON_BLOCKS = YES;
				GCC_OPTIMIZATION_LEVEL = 0;
				GCC_PREPROCESSOR_DEFINITIONS = (
					"DEBUG=1",
					"$(inherited)",
				);
				GCC_WARN_64_TO_32_BIT_CONVERSION = YES;
				GCC_WARN_ABOUT_RETURN_TYPE = YES_ERROR;
				GCC_WARN_UNDECLARED_SELECTOR = YES;
				GCC_WARN_UNINITIALIZED_AUTOS = YES_AGGRESSIVE;
				GCC_WARN_UNUSED_FUNCTION = YES;
				GCC_WARN_UNUSED_VARIABLE = YES;
				IPHONEOS_DEPLOYMENT_TARGET = 15.0;
				MTL_ENABLE_DEBUG_INFO = INCLUDE_SOURCE;
				MTL_FAST_MATH = YES;
				ONLY_ACTIVE_ARCH = YES;
				SDKROOT = iphoneos;
				SWIFT_ACTIVE_COMPILATION_CONDITIONS = DEBUG;
				SWIFT_OPTIMIZATION_LEVEL = "-Onone";
			};
			name = Debug;
		};
		805EDFB82735FDF0006F9A7E /* Release */ = {
			isa = XCBuildConfiguration;
			buildSettings = {
				ALWAYS_SEARCH_USER_PATHS = NO;
				CLANG_ANALYZER_NONNULL = YES;
				CLANG_ANALYZER_NUMBER_OBJECT_CONVERSION = YES_AGGRESSIVE;
				CLANG_CXX_LANGUAGE_STANDARD = "gnu++17";
				CLANG_CXX_LIBRARY = "libc++";
				CLANG_ENABLE_MODULES = YES;
				CLANG_ENABLE_OBJC_ARC = YES;
				CLANG_ENABLE_OBJC_WEAK = YES;
				CLANG_WARN_BLOCK_CAPTURE_AUTORELEASING = YES;
				CLANG_WARN_BOOL_CONVERSION = YES;
				CLANG_WARN_COMMA = YES;
				CLANG_WARN_CONSTANT_CONVERSION = YES;
				CLANG_WARN_DEPRECATED_OBJC_IMPLEMENTATIONS = YES;
				CLANG_WARN_DIRECT_OBJC_ISA_USAGE = YES_ERROR;
				CLANG_WARN_DOCUMENTATION_COMMENTS = YES;
				CLANG_WARN_EMPTY_BODY = YES;
				CLANG_WARN_ENUM_CONVERSION = YES;
				CLANG_WARN_INFINITE_RECURSION = YES;
				CLANG_WARN_INT_CONVERSION = YES;
				CLANG_WARN_NON_LITERAL_NULL_CONVERSION = YES;
				CLANG_WARN_OBJC_IMPLICIT_RETAIN_SELF = YES;
				CLANG_WARN_OBJC_LITERAL_CONVERSION = YES;
				CLANG_WARN_OBJC_ROOT_CLASS = YES_ERROR;
				CLANG_WARN_QUOTED_INCLUDE_IN_FRAMEWORK_HEADER = YES;
				CLANG_WARN_RANGE_LOOP_ANALYSIS = YES;
				CLANG_WARN_STRICT_PROTOTYPES = YES;
				CLANG_WARN_SUSPICIOUS_MOVE = YES;
				CLANG_WARN_UNGUARDED_AVAILABILITY = YES_AGGRESSIVE;
				CLANG_WARN_UNREACHABLE_CODE = YES;
				CLANG_WARN__DUPLICATE_METHOD_MATCH = YES;
				COPY_PHASE_STRIP = NO;
				DEBUG_INFORMATION_FORMAT = "dwarf-with-dsym";
				ENABLE_NS_ASSERTIONS = NO;
				ENABLE_STRICT_OBJC_MSGSEND = YES;
				GCC_C_LANGUAGE_STANDARD = gnu11;
				GCC_NO_COMMON_BLOCKS = YES;
				GCC_WARN_64_TO_32_BIT_CONVERSION = YES;
				GCC_WARN_ABOUT_RETURN_TYPE = YES_ERROR;
				GCC_WARN_UNDECLARED_SELECTOR = YES;
				GCC_WARN_UNINITIALIZED_AUTOS = YES_AGGRESSIVE;
				GCC_WARN_UNUSED_FUNCTION = YES;
				GCC_WARN_UNUSED_VARIABLE = YES;
				IPHONEOS_DEPLOYMENT_TARGET = 15.0;
				MTL_ENABLE_DEBUG_INFO = NO;
				MTL_FAST_MATH = YES;
				SDKROOT = iphoneos;
				SWIFT_COMPILATION_MODE = wholemodule;
				SWIFT_OPTIMIZATION_LEVEL = "-O";
				VALIDATE_PRODUCT = YES;
			};
			name = Release;
		};
		805EDFBA2735FDF0006F9A7E /* Debug */ = {
			isa = XCBuildConfiguration;
			buildSettings = {
				ASSETCATALOG_COMPILER_APPICON_NAME = AppIcon;
				ASSETCATALOG_COMPILER_GLOBAL_ACCENT_COLOR_NAME = AccentColor;
				CODE_SIGN_STYLE = Automatic;
				CURRENT_PROJECT_VERSION = 1;
				DEVELOPMENT_TEAM = N9UHL83GUK;
				GENERATE_INFOPLIST_FILE = YES;
				INFOPLIST_FILE = OmikujiApp/Info.plist;
				INFOPLIST_KEY_UIApplicationSupportsIndirectInputEvents = YES;
				INFOPLIST_KEY_UILaunchStoryboardName = LaunchScreen;
				INFOPLIST_KEY_UIMainStoryboardFile = Main;
				INFOPLIST_KEY_UISupportedInterfaceOrientations_iPad = "UIInterfaceOrientationPortrait UIInterfaceOrientationPortraitUpsideDown UIInterfaceOrientationLandscapeLeft UIInterfaceOrientationLandscapeRight";
				INFOPLIST_KEY_UISupportedInterfaceOrientations_iPhone = "UIInterfaceOrientationPortrait UIInterfaceOrientationLandscapeLeft UIInterfaceOrientationLandscapeRight";
				LD_RUNPATH_SEARCH_PATHS = (
					"$(inherited)",
					"@executable_path/Frameworks",
				);
				MARKETING_VERSION = 1.0;
				PRODUCT_BUNDLE_IDENTIFIER = jp.kbanchi1111.OmikujiApp;
				PRODUCT_NAME = "$(TARGET_NAME)";
				SWIFT_EMIT_LOC_STRINGS = YES;
				SWIFT_VERSION = 5.0;
				TARGETED_DEVICE_FAMILY = "1,2";
			};
			name = Debug;
		};
		805EDFBB2735FDF0006F9A7E /* Release */ = {
			isa = XCBuildConfiguration;
			buildSettings = {
				ASSETCATALOG_COMPILER_APPICON_NAME = AppIcon;
				ASSETCATALOG_COMPILER_GLOBAL_ACCENT_COLOR_NAME = AccentColor;
				CODE_SIGN_STYLE = Automatic;
				CURRENT_PROJECT_VERSION = 1;
				DEVELOPMENT_TEAM = N9UHL83GUK;
				GENERATE_INFOPLIST_FILE = YES;
				INFOPLIST_FILE = OmikujiApp/Info.plist;
				INFOPLIST_KEY_UIApplicationSupportsIndirectInputEvents = YES;
				INFOPLIST_KEY_UILaunchStoryboardName = LaunchScreen;
				INFOPLIST_KEY_UIMainStoryboardFile = Main;
				INFOPLIST_KEY_UISupportedInterfaceOrientations_iPad = "UIInterfaceOrientationPortrait UIInterfaceOrientationPortraitUpsideDown UIInterfaceOrientationLandscapeLeft UIInterfaceOrientationLandscapeRight";
				INFOPLIST_KEY_UISupportedInterfaceOrientations_iPhone = "UIInterfaceOrientationPortrait UIInterfaceOrientationLandscapeLeft UIInterfaceOrientationLandscapeRight";
				LD_RUNPATH_SEARCH_PATHS = (
					"$(inherited)",
					"@executable_path/Frameworks",
				);
				MARKETING_VERSION = 1.0;
				PRODUCT_BUNDLE_IDENTIFIER = jp.kbanchi1111.OmikujiApp;
				PRODUCT_NAME = "$(TARGET_NAME)";
				SWIFT_EMIT_LOC_STRINGS = YES;
				SWIFT_VERSION = 5.0;
				TARGETED_DEVICE_FAMILY = "1,2";
			};
			name = Release;
		};
		805EDFBD2735FDF0006F9A7E /* Debug */ = {
			isa = XCBuildConfiguration;
			buildSettings = {
				ALWAYS_EMBED_SWIFT_STANDARD_LIBRARIES = YES;
				BUNDLE_LOADER = "$(TEST_HOST)";
				CODE_SIGN_STYLE = Automatic;
				CURRENT_PROJECT_VERSION = 1;
				DEVELOPMENT_TEAM = N9UHL83GUK;
				GENERATE_INFOPLIST_FILE = YES;
				IPHONEOS_DEPLOYMENT_TARGET = 15.0;
				LD_RUNPATH_SEARCH_PATHS = (
					"$(inherited)",
					"@executable_path/Frameworks",
					"@loader_path/Frameworks",
				);
				MARKETING_VERSION = 1.0;
				PRODUCT_BUNDLE_IDENTIFIER = jp.kbanchi1111.OmikujiAppTests;
				PRODUCT_NAME = "$(TARGET_NAME)";
				SWIFT_EMIT_LOC_STRINGS = NO;
				SWIFT_VERSION = 5.0;
				TARGETED_DEVICE_FAMILY = "1,2";
				TEST_HOST = "$(BUILT_PRODUCTS_DIR)/OmikujiApp.app/OmikujiApp";
			};
			name = Debug;
		};
		805EDFBE2735FDF0006F9A7E /* Release */ = {
			isa = XCBuildConfiguration;
			buildSettings = {
				ALWAYS_EMBED_SWIFT_STANDARD_LIBRARIES = YES;
				BUNDLE_LOADER = "$(TEST_HOST)";
				CODE_SIGN_STYLE = Automatic;
				CURRENT_PROJECT_VERSION = 1;
				DEVELOPMENT_TEAM = N9UHL83GUK;
				GENERATE_INFOPLIST_FILE = YES;
				IPHONEOS_DEPLOYMENT_TARGET = 15.0;
				LD_RUNPATH_SEARCH_PATHS = (
					"$(inherited)",
					"@executable_path/Frameworks",
					"@loader_path/Frameworks",
				);
				MARKETING_VERSION = 1.0;
				PRODUCT_BUNDLE_IDENTIFIER = jp.kbanchi1111.OmikujiAppTests;
				PRODUCT_NAME = "$(TARGET_NAME)";
				SWIFT_EMIT_LOC_STRINGS = NO;
				SWIFT_VERSION = 5.0;
				TARGETED_DEVICE_FAMILY = "1,2";
				TEST_HOST = "$(BUILT_PRODUCTS_DIR)/OmikujiApp.app/OmikujiApp";
			};
			name = Release;
		};
		805EDFC02735FDF0006F9A7E /* Debug */ = {
			isa = XCBuildConfiguration;
			buildSettings = {
				ALWAYS_EMBED_SWIFT_STANDARD_LIBRARIES = YES;
				CODE_SIGN_STYLE = Automatic;
				CURRENT_PROJECT_VERSION = 1;
				DEVELOPMENT_TEAM = N9UHL83GUK;
				GENERATE_INFOPLIST_FILE = YES;
				LD_RUNPATH_SEARCH_PATHS = (
					"$(inherited)",
					"@executable_path/Frameworks",
					"@loader_path/Frameworks",
				);
				MARKETING_VERSION = 1.0;
				PRODUCT_BUNDLE_IDENTIFIER = jp.kbanchi1111.OmikujiAppUITests;
				PRODUCT_NAME = "$(TARGET_NAME)";
				SWIFT_EMIT_LOC_STRINGS = NO;
				SWIFT_VERSION = 5.0;
				TARGETED_DEVICE_FAMILY = "1,2";
				TEST_TARGET_NAME = OmikujiApp;
			};
			name = Debug;
		};
		805EDFC12735FDF0006F9A7E /* Release */ = {
			isa = XCBuildConfiguration;
			buildSettings = {
				ALWAYS_EMBED_SWIFT_STANDARD_LIBRARIES = YES;
				CODE_SIGN_STYLE = Automatic;
				CURRENT_PROJECT_VERSION = 1;
				DEVELOPMENT_TEAM = N9UHL83GUK;
				GENERATE_INFOPLIST_FILE = YES;
				LD_RUNPATH_SEARCH_PATHS = (
					"$(inherited)",
					"@executable_path/Frameworks",
					"@loader_path/Frameworks",
				);
				MARKETING_VERSION = 1.0;
				PRODUCT_BUNDLE_IDENTIFIER = jp.kbanchi1111.OmikujiAppUITests;
				PRODUCT_NAME = "$(TARGET_NAME)";
				SWIFT_EMIT_LOC_STRINGS = NO;
				SWIFT_VERSION = 5.0;
				TARGETED_DEVICE_FAMILY = "1,2";
				TEST_TARGET_NAME = OmikujiApp;
			};
			name = Release;
		};
/* End XCBuildConfiguration section */

/* Begin XCConfigurationList section */
		805EDF872735FDEF006F9A7E /* Build configuration list for PBXProject "OmikujiApp" */ = {
			isa = XCConfigurationList;
			buildConfigurations = (
				805EDFB72735FDF0006F9A7E /* Debug */,
				805EDFB82735FDF0006F9A7E /* Release */,
			);
			defaultConfigurationIsVisible = 0;
			defaultConfigurationName = Release;
		};
		805EDFB92735FDF0006F9A7E /* Build configuration list for PBXNativeTarget "OmikujiApp" */ = {
			isa = XCConfigurationList;
			buildConfigurations = (
				805EDFBA2735FDF0006F9A7E /* Debug */,
				805EDFBB2735FDF0006F9A7E /* Release */,
			);
			defaultConfigurationIsVisible = 0;
			defaultConfigurationName = Release;
		};
		805EDFBC2735FDF0006F9A7E /* Build configuration list for PBXNativeTarget "OmikujiAppTests" */ = {
			isa = XCConfigurationList;
			buildConfigurations = (
				805EDFBD2735FDF0006F9A7E /* Debug */,
				805EDFBE2735FDF0006F9A7E /* Release */,
			);
			defaultConfigurationIsVisible = 0;
			defaultConfigurationName = Release;
		};
		805EDFBF2735FDF0006F9A7E /* Build configuration list for PBXNativeTarget "OmikujiAppUITests" */ = {
			isa = XCConfigurationList;
			buildConfigurations = (
				805EDFC02735FDF0006F9A7E /* Debug */,
				805EDFC12735FDF0006F9A7E /* Release */,
			);
			defaultConfigurationIsVisible = 0;
			defaultConfigurationName = Release;
		};
/* End XCConfigurationList section */

/* Begin XCVersionGroup section */
		805EDF982735FDEF006F9A7E /* OmikujiApp.xcdatamodeld */ = {
			isa = XCVersionGroup;
			children = (
				805EDF992735FDEF006F9A7E /* OmikujiApp.xcdatamodel */,
			);
			currentVersion = 805EDF992735FDEF006F9A7E /* OmikujiApp.xcdatamodel */;
			path = OmikujiApp.xcdatamodeld;
			sourceTree = "<group>";
			versionGroupType = wrapper.xcdatamodel;
		};
/* End XCVersionGroup section */
	};
	rootObject = 805EDF842735FDEF006F9A7E /* Project object */;
}
